
Microsoft Visual Studio Solution File, Format Version 12.00
# Visual Studio Version 16
VisualStudioVersion = 16.0.29905.134
MinimumVisualStudioVersion = 10.0.40219.1
Project("{9A19103F-16F7-4668-BE54-9A1E7A4F7556}") = "SistemaGestaoQualidade.WebApi", "SistemaGestaoQualidade.WebApi\SistemaGestaoQualidade.WebApi.csproj", "{BF948CAE-CB30-42F6-843E-7A36DA8449B3}"
EndProject
Project("{FAE04EC0-301F-11D3-BF4B-00C04F79EFBC}") = "NORMAS_MOC", "ABNT_MOC\NORMAS_MOC.csproj", "{5127F093-871B-4687-A266-734F1C729486}"
EndProject
Project("{2150E333-8FDC-42A3-9474-1A3956D46DE8}") = "Solution Items", "Solution Items", "{7E3A5E1C-20AB-43AF-AB2D-5D6CC1284892}"
	ProjectSection(SolutionItems) = preProject
		.gitignore = .gitignore
	EndProjectSection
EndProject
Project("{FAE04EC0-301F-11D3-BF4B-00C04F79EFBC}") = "SistemaGestaoQualidadeTest", "SistemaGestaoQualidadeTest\SistemaGestaoQualidadeTest.csproj", "{4C9DA2B8-207C-409B-8FC7-5948D5EC4707}"
EndProject
Project("{FAE04EC0-301F-11D3-BF4B-00C04F79EFBC}") = "ComplianeModule.WebApi", "ComplianeModule.WebApi\ComplianeModule.WebApi.csproj", "{A2083E4E-38EE-4FE0-84D6-A4098CFC587B}"
EndProject
Global
	GlobalSection(SolutionConfigurationPlatforms) = preSolution
		Debug|Any CPU = Debug|Any CPU
		Release|Any CPU = Release|Any CPU
	EndGlobalSection
	GlobalSection(ProjectConfigurationPlatforms) = postSolution
		{BF948CAE-CB30-42F6-843E-7A36DA8449B3}.Debug|Any CPU.ActiveCfg = Debug|Any CPU
		{BF948CAE-CB30-42F6-843E-7A36DA8449B3}.Debug|Any CPU.Build.0 = Debug|Any CPU
		{BF948CAE-CB30-42F6-843E-7A36DA8449B3}.Release|Any CPU.ActiveCfg = Release|Any CPU
		{BF948CAE-CB30-42F6-843E-7A36DA8449B3}.Release|Any CPU.Build.0 = Release|Any CPU
		{5127F093-871B-4687-A266-734F1C729486}.Debug|Any CPU.ActiveCfg = Debug|Any CPU
		{5127F093-871B-4687-A266-734F1C729486}.Debug|Any CPU.Build.0 = Debug|Any CPU
		{5127F093-871B-4687-A266-734F1C729486}.Release|Any CPU.ActiveCfg = Release|Any CPU
		{5127F093-871B-4687-A266-734F1C729486}.Release|Any CPU.Build.0 = Release|Any CPU
		{4C9DA2B8-207C-409B-8FC7-5948D5EC4707}.Debug|Any CPU.ActiveCfg = Debug|Any CPU
		{4C9DA2B8-207C-409B-8FC7-5948D5EC4707}.Debug|Any CPU.Build.0 = Debug|Any CPU
		{4C9DA2B8-207C-409B-8FC7-5948D5EC4707}.Release|Any CPU.ActiveCfg = Release|Any CPU
		{4C9DA2B8-207C-409B-8FC7-5948D5EC4707}.Release|Any CPU.Build.0 = Release|Any CPU
		{A2083E4E-38EE-4FE0-84D6-A4098CFC587B}.Debug|Any CPU.ActiveCfg = Debug|Any CPU
		{A2083E4E-38EE-4FE0-84D6-A4098CFC587B}.Debug|Any CPU.Build.0 = Debug|Any CPU
		{A2083E4E-38EE-4FE0-84D6-A4098CFC587B}.Release|Any CPU.ActiveCfg = Release|Any CPU
		{A2083E4E-38EE-4FE0-84D6-A4098CFC587B}.Release|Any CPU.Build.0 = Release|Any CPU
	EndGlobalSection
	GlobalSection(SolutionProperties) = preSolution
		HideSolutionNode = FALSE
	EndGlobalSection
	GlobalSection(ExtensibilityGlobals) = postSolution
		SolutionGuid = {AD529FEC-6737-4498-8C02-34E18A27760C}
	EndGlobalSection
EndGlobal
